
Microsoft Visual Studio Solution File, Format Version 12.00
Project("{FAE04EC0-301F-11D3-BF4B-00C04F79EFBC}") = "Day01", "Day01\Day01.csproj", "{4D2E0D17-6954-4E6A-B93D-CB2072DEB35D}"
EndProject
Project("{FAE04EC0-301F-11D3-BF4B-00C04F79EFBC}") = "Day02", "Day02\Day02.csproj", "{AE244006-86A7-4650-90E0-D498F9C20552}"
EndProject
Project("{FAE04EC0-301F-11D3-BF4B-00C04F79EFBC}") = "Day03", "Day03\Day03.csproj", "{2E45A65A-BC0C-4CA3-8D33-756BAA5D268D}"
EndProject
Global
	GlobalSection(SolutionConfigurationPlatforms) = preSolution
		Debug|Any CPU = Debug|Any CPU
		Release|Any CPU = Release|Any CPU
	EndGlobalSection
	GlobalSection(ProjectConfigurationPlatforms) = postSolution
		{4D2E0D17-6954-4E6A-B93D-CB2072DEB35D}.Debug|Any CPU.ActiveCfg = Debug|Any CPU
		{4D2E0D17-6954-4E6A-B93D-CB2072DEB35D}.Debug|Any CPU.Build.0 = Debug|Any CPU
		{4D2E0D17-6954-4E6A-B93D-CB2072DEB35D}.Release|Any CPU.ActiveCfg = Release|Any CPU
		{4D2E0D17-6954-4E6A-B93D-CB2072DEB35D}.Release|Any CPU.Build.0 = Release|Any CPU
		{AE244006-86A7-4650-90E0-D498F9C20552}.Debug|Any CPU.ActiveCfg = Debug|Any CPU
		{AE244006-86A7-4650-90E0-D498F9C20552}.Debug|Any CPU.Build.0 = Debug|Any CPU
		{AE244006-86A7-4650-90E0-D498F9C20552}.Release|Any CPU.ActiveCfg = Release|Any CPU
		{AE244006-86A7-4650-90E0-D498F9C20552}.Release|Any CPU.Build.0 = Release|Any CPU
		{2E45A65A-BC0C-4CA3-8D33-756BAA5D268D}.Debug|Any CPU.ActiveCfg = Debug|Any CPU
		{2E45A65A-BC0C-4CA3-8D33-756BAA5D268D}.Debug|Any CPU.Build.0 = Debug|Any CPU
		{2E45A65A-BC0C-4CA3-8D33-756BAA5D268D}.Release|Any CPU.ActiveCfg = Release|Any CPU
		{2E45A65A-BC0C-4CA3-8D33-756BAA5D268D}.Release|Any CPU.Build.0 = Release|Any CPU
	EndGlobalSection
EndGlobal
